
Microsoft Visual Studio Solution File, Format Version 12.00
# Visual Studio Version 17
VisualStudioVersion = 17.4.33213.308
MinimumVisualStudioVersion = 10.0.40219.1
Project("{FAE04EC0-301F-11D3-BF4B-00C04F79EFBC}") = "LotteryNumberChecker", "LotteryNumberChecker\LotteryNumberChecker.csproj", "{C778CF88-1F0F-42F9-9C23-91AA4A2FBCD2}"
	ProjectSection(ProjectDependencies) = postProject
		{69480C61-C6BF-4DAC-8012-70074B3CA0AA} = {69480C61-C6BF-4DAC-8012-70074B3CA0AA}
	EndProjectSection
EndProject
Project("{8BC9CEB8-8B4A-11D0-8D11-00A0C91BC942}") = "SetOperations", "SetOperations\SetOperations.vcxproj", "{69480C61-C6BF-4DAC-8012-70074B3CA0AA}"
EndProject
Global
	GlobalSection(SolutionConfigurationPlatforms) = preSolution
		Debug|Any CPU = Debug|Any CPU
		Debug|x64 = Debug|x64
		Debug|x86 = Debug|x86
		Release|Any CPU = Release|Any CPU
		Release|x64 = Release|x64
		Release|x86 = Release|x86
	EndGlobalSection
	GlobalSection(ProjectConfigurationPlatforms) = postSolution
		{C778CF88-1F0F-42F9-9C23-91AA4A2FBCD2}.Debug|Any CPU.ActiveCfg = Debug|Any CPU
		{C778CF88-1F0F-42F9-9C23-91AA4A2FBCD2}.Debug|Any CPU.Build.0 = Debug|Any CPU
		{C778CF88-1F0F-42F9-9C23-91AA4A2FBCD2}.Debug|x64.ActiveCfg = Debug|Any CPU
		{C778CF88-1F0F-42F9-9C23-91AA4A2FBCD2}.Debug|x64.Build.0 = Debug|Any CPU
		{C778CF88-1F0F-42F9-9C23-91AA4A2FBCD2}.Debug|x86.ActiveCfg = Debug|Any CPU
		{C778CF88-1F0F-42F9-9C23-91AA4A2FBCD2}.Debug|x86.Build.0 = Debug|Any CPU
		{C778CF88-1F0F-42F9-9C23-91AA4A2FBCD2}.Release|Any CPU.ActiveCfg = Release|Any CPU
		{C778CF88-1F0F-42F9-9C23-91AA4A2FBCD2}.Release|Any CPU.Build.0 = Release|Any CPU
		{C778CF88-1F0F-42F9-9C23-91AA4A2FBCD2}.Release|x64.ActiveCfg = Release|Any CPU
		{C778CF88-1F0F-42F9-9C23-91AA4A2FBCD2}.Release|x64.Build.0 = Release|Any CPU
		{C778CF88-1F0F-42F9-9C23-91AA4A2FBCD2}.Release|x86.ActiveCfg = Release|Any CPU
		{C778CF88-1F0F-42F9-9C23-91AA4A2FBCD2}.Release|x86.Build.0 = Release|Any CPU
		{69480C61-C6BF-4DAC-8012-70074B3CA0AA}.Debug|Any CPU.ActiveCfg = Debug|x64
		{69480C61-C6BF-4DAC-8012-70074B3CA0AA}.Debug|Any CPU.Build.0 = Debug|x64
		{69480C61-C6BF-4DAC-8012-70074B3CA0AA}.Debug|x64.ActiveCfg = Debug|x64
		{69480C61-C6BF-4DAC-8012-70074B3CA0AA}.Debug|x64.Build.0 = Debug|x64
		{69480C61-C6BF-4DAC-8012-70074B3CA0AA}.Debug|x86.ActiveCfg = Debug|Win32
		{69480C61-C6BF-4DAC-8012-70074B3CA0AA}.Debug|x86.Build.0 = Debug|Win32
		{69480C61-C6BF-4DAC-8012-70074B3CA0AA}.Release|Any CPU.ActiveCfg = Release|x64
		{69480C61-C6BF-4DAC-8012-70074B3CA0AA}.Release|Any CPU.Build.0 = Release|x64
		{69480C61-C6BF-4DAC-8012-70074B3CA0AA}.Release|x64.ActiveCfg = Release|x64
		{69480C61-C6BF-4DAC-8012-70074B3CA0AA}.Release|x64.Build.0 = Release|x64
		{69480C61-C6BF-4DAC-8012-70074B3CA0AA}.Release|x86.ActiveCfg = Release|Win32
		{69480C61-C6BF-4DAC-8012-70074B3CA0AA}.Release|x86.Build.0 = Release|Win32
	EndGlobalSection
	GlobalSection(SolutionProperties) = preSolution
		HideSolutionNode = FALSE
	EndGlobalSection
	GlobalSection(ExtensibilityGlobals) = postSolution
		SolutionGuid = {079C4A8E-E667-47B5-AA4E-3D6B16C3A8B3}
	EndGlobalSection
EndGlobal
